// !$*UTF8*$!
{
	archiveVersion = 1;
	classes = {
	};
	objectVersion = 46;
	objects = {

/* Begin PBXBuildFile section */
		3AE306721AA6C22100875340 /* UIColor+HexColor.m in Sources */ = {isa = PBXBuildFile; fileRef = 3AE306711AA6C22100875340 /* UIColor+HexColor.m */; };
		3AE306731AA6C22100875340 /* UIColor+HexColor.m in Sources */ = {isa = PBXBuildFile; fileRef = 3AE306711AA6C22100875340 /* UIColor+HexColor.m */; };
		3AE306791AA6C2B300875340 /* ConsoleLogs.m in Sources */ = {isa = PBXBuildFile; fileRef = 3AE306771AA6C2B300875340 /* ConsoleLogs.m */; };
		3AE3067A1AA6C2B300875340 /* ConsoleLogs.m in Sources */ = {isa = PBXBuildFile; fileRef = 3AE306771AA6C2B300875340 /* ConsoleLogs.m */; };
		983DF8B61A98F97B0099B43D /* RecentContactsViewController.m in Sources */ = {isa = PBXBuildFile; fileRef = 983DF8B51A98F97B0099B43D /* RecentContactsViewController.m */; };
		983DF8BA1A9909720099B43D /* RecentContactsCustomCell.m in Sources */ = {isa = PBXBuildFile; fileRef = 983DF8B91A9909720099B43D /* RecentContactsCustomCell.m */; };
		983DF8BE1A990B740099B43D /* FrequentCustomCell.m in Sources */ = {isa = PBXBuildFile; fileRef = 983DF8BD1A990B740099B43D /* FrequentCustomCell.m */; };
		983DF8C21A991F2A0099B43D /* FavoriteContactCustomCell.m in Sources */ = {isa = PBXBuildFile; fileRef = 983DF8C11A991F2A0099B43D /* FavoriteContactCustomCell.m */; };
		983DF8C51A9929300099B43D /* FavoriteContacts.m in Sources */ = {isa = PBXBuildFile; fileRef = 983DF8C41A9929300099B43D /* FavoriteContacts.m */; };
		98640BF21A827BD300A3675D /* StoreKit.framework in Frameworks */ = {isa = PBXBuildFile; fileRef = 98640BF11A827BD300A3675D /* StoreKit.framework */; };
		988047D21A77EAA2003E3E39 /* main.m in Sources */ = {isa = PBXBuildFile; fileRef = 988047D11A77EAA2003E3E39 /* main.m */; };
		988047D51A77EAA2003E3E39 /* AppDelegate.m in Sources */ = {isa = PBXBuildFile; fileRef = 988047D41A77EAA2003E3E39 /* AppDelegate.m */; };
		988047D81A77EAA2003E3E39 /* YoBu.xcdatamodeld in Sources */ = {isa = PBXBuildFile; fileRef = 988047D61A77EAA2003E3E39 /* YoBu.xcdatamodeld */; };
		988047DB1A77EAA2003E3E39 /* FavoriteViewController.m in Sources */ = {isa = PBXBuildFile; fileRef = 988047DA1A77EAA2003E3E39 /* FavoriteViewController.m */; };
		988047DE1A77EAA3003E3E39 /* Main.storyboard in Resources */ = {isa = PBXBuildFile; fileRef = 988047DC1A77EAA3003E3E39 /* Main.storyboard */; };
		988047E01A77EAA3003E3E39 /* Images.xcassets in Resources */ = {isa = PBXBuildFile; fileRef = 988047DF1A77EAA3003E3E39 /* Images.xcassets */; };
		988047E31A77EAA3003E3E39 /* LaunchScreen.xib in Resources */ = {isa = PBXBuildFile; fileRef = 988047E11A77EAA3003E3E39 /* LaunchScreen.xib */; };
		988047EF1A77EAA3003E3E39 /* YoBuTests.m in Sources */ = {isa = PBXBuildFile; fileRef = 988047EE1A77EAA3003E3E39 /* YoBuTests.m */; };
		988047FF1A77EB38003E3E39 /* NotificationCenter.framework in Frameworks */ = {isa = PBXBuildFile; fileRef = 988047FE1A77EB38003E3E39 /* NotificationCenter.framework */; };
		988048051A77EB38003E3E39 /* TodayViewController.m in Sources */ = {isa = PBXBuildFile; fileRef = 988048041A77EB38003E3E39 /* TodayViewController.m */; };
		988048071A77EB38003E3E39 /* MainInterface.storyboard in Resources */ = {isa = PBXBuildFile; fileRef = 988048061A77EB38003E3E39 /* MainInterface.storyboard */; };
		9880480A1A77EB38003E3E39 /* YoBuWidget.appex in Embed App Extensions */ = {isa = PBXBuildFile; fileRef = 988047FC1A77EB38003E3E39 /* YoBuWidget.appex */; settings = {ATTRIBUTES = (RemoveHeadersOnCopy, ); }; };
		988048451A77EF81003E3E39 /* CustomSearchAlphabets.m in Sources */ = {isa = PBXBuildFile; fileRef = 988048171A77EF81003E3E39 /* CustomSearchAlphabets.m */; };
		988048461A77EF81003E3E39 /* DataManager.m in Sources */ = {isa = PBXBuildFile; fileRef = 988048191A77EF81003E3E39 /* DataManager.m */; };
		988048471A77EF81003E3E39 /* DialedNumbers.m in Sources */ = {isa = PBXBuildFile; fileRef = 9880481B1A77EF81003E3E39 /* DialedNumbers.m */; };
		988048491A77EF81003E3E39 /* FrequentContacts.m in Sources */ = {isa = PBXBuildFile; fileRef = 9880481F1A77EF81003E3E39 /* FrequentContacts.m */; };
		9880484A1A77EF81003E3E39 /* DataAccessLayer.m in Sources */ = {isa = PBXBuildFile; fileRef = 988048221A77EF81003E3E39 /* DataAccessLayer.m */; };
		9880484B1A77EF81003E3E39 /* down_arrow.png in Resources */ = {isa = PBXBuildFile; fileRef = 988048251A77EF81003E3E39 /* down_arrow.png */; };
		9880484C1A77EF81003E3E39 /* fab_blue.png in Resources */ = {isa = PBXBuildFile; fileRef = 988048261A77EF81003E3E39 /* fab_blue.png */; };
		9880484D1A77EF81003E3E39 /* fab_green.png in Resources */ = {isa = PBXBuildFile; fileRef = 988048271A77EF81003E3E39 /* fab_green.png */; };
		9880484E1A77EF81003E3E39 /* fab_ic_call.png in Resources */ = {isa = PBXBuildFile; fileRef = 988048281A77EF81003E3E39 /* fab_ic_call.png */; };
		9880484F1A77EF81003E3E39 /* fab_red.png in Resources */ = {isa = PBXBuildFile; fileRef = 988048291A77EF81003E3E39 /* fab_red.png */; };
		988048501A77EF81003E3E39 /* ic_ab_search.png in Resources */ = {isa = PBXBuildFile; fileRef = 9880482A1A77EF81003E3E39 /* ic_ab_search.png */; };
		988048511A77EF81003E3E39 /* ic_arrow_back_24dp.png in Resources */ = {isa = PBXBuildFile; fileRef = 9880482B1A77EF81003E3E39 /* ic_arrow_back_24dp.png */; };
		988048521A77EF81003E3E39 /* ic_cancel_holo_light.png in Resources */ = {isa = PBXBuildFile; fileRef = 9880482C1A77EF81003E3E39 /* ic_cancel_holo_light.png */; };
		988048531A77EF81003E3E39 /* ic_card_phone.png in Resources */ = {isa = PBXBuildFile; fileRef = 9880482D1A77EF81003E3E39 /* ic_card_phone.png */; };
		988048541A77EF81003E3E39 /* ic_card_settings.png in Resources */ = {isa = PBXBuildFile; fileRef = 9880482E1A77EF81003E3E39 /* ic_card_settings.png */; };
		988048551A77EF81003E3E39 /* ic_close_dk.png in Resources */ = {isa = PBXBuildFile; fileRef = 9880482F1A77EF81003E3E39 /* ic_close_dk.png */; };
		988048561A77EF81003E3E39 /* ic_dialpad_delete.png in Resources */ = {isa = PBXBuildFile; fileRef = 988048301A77EF81003E3E39 /* ic_dialpad_delete.png */; };
		988048571A77EF81003E3E39 /* ic_handle.png in Resources */ = {isa = PBXBuildFile; fileRef = 988048311A77EF81003E3E39 /* ic_handle.png */; };
		988048581A77EF81003E3E39 /* ic_menu_dialpad_lt.png in Resources */ = {isa = PBXBuildFile; fileRef = 988048321A77EF81003E3E39 /* ic_menu_dialpad_lt.png */; };
		988048591A77EF81003E3E39 /* ic_menu_history_dk.png in Resources */ = {isa = PBXBuildFile; fileRef = 988048331A77EF81003E3E39 /* ic_menu_history_dk.png */; };
		9880485A1A77EF81003E3E39 /* ic_menu_history_lt.png in Resources */ = {isa = PBXBuildFile; fileRef = 988048341A77EF81003E3E39 /* ic_menu_history_lt.png */; };
		9880485B1A77EF81003E3E39 /* ic_menu_overflow_lt.png in Resources */ = {isa = PBXBuildFile; fileRef = 988048351A77EF81003E3E39 /* ic_menu_overflow_lt.png */; };
		9880485C1A77EF81003E3E39 /* ic_menu_remove_field_holo_light.png in Resources */ = {isa = PBXBuildFile; fileRef = 988048361A77EF81003E3E39 /* ic_menu_remove_field_holo_light.png */; };
		9880485D1A77EF81003E3E39 /* ic_results_phone.png in Resources */ = {isa = PBXBuildFile; fileRef = 988048371A77EF81003E3E39 /* ic_results_phone.png */; };
		9880485E1A77EF81003E3E39 /* ic_toolbar_dialpad.png in Resources */ = {isa = PBXBuildFile; fileRef = 988048381A77EF81003E3E39 /* ic_toolbar_dialpad.png */; };
		9880485F1A77EF81003E3E39 /* testShareImage.png in Resources */ = {isa = PBXBuildFile; fileRef = 988048391A77EF81003E3E39 /* testShareImage.png */; };
		988048601A77EF81003E3E39 /* up_arrow.png in Resources */ = {isa = PBXBuildFile; fileRef = 9880483A1A77EF81003E3E39 /* up_arrow.png */; };
		988048611A77EF81003E3E39 /* tutorial.mp4 in Resources */ = {isa = PBXBuildFile; fileRef = 9880483C1A77EF81003E3E39 /* tutorial.mp4 */; };
		988048621A77EF81003E3E39 /* tutorial2.mp4 in Resources */ = {isa = PBXBuildFile; fileRef = 9880483D1A77EF81003E3E39 /* tutorial2.mp4 */; };
		988048631A77EF81003E3E39 /* DefaultEnglishAlphabets.plist in Resources */ = {isa = PBXBuildFile; fileRef = 9880483F1A77EF81003E3E39 /* DefaultEnglishAlphabets.plist */; };
		988048641A77EF81003E3E39 /* MaterialDesignColors.plist in Resources */ = {isa = PBXBuildFile; fileRef = 988048401A77EF81003E3E39 /* MaterialDesignColors.plist */; };
		988048651A77EF81003E3E39 /* ContactsInstance.m in Sources */ = {isa = PBXBuildFile; fileRef = 988048431A77EF81003E3E39 /* ContactsInstance.m */; };
		988048691A77EFE1003E3E39 /* CustomCell.m in Sources */ = {isa = PBXBuildFile; fileRef = 988048681A77EFE1003E3E39 /* CustomCell.m */; };
		9880486B1A77F048003E3E39 /* CustomSearchAlphabets.m in Sources */ = {isa = PBXBuildFile; fileRef = 988048171A77EF81003E3E39 /* CustomSearchAlphabets.m */; };
		9880486C1A77F04D003E3E39 /* DataAccessLayer.m in Sources */ = {isa = PBXBuildFile; fileRef = 988048221A77EF81003E3E39 /* DataAccessLayer.m */; };
		9880486D1A77F050003E3E39 /* FrequentContacts.m in Sources */ = {isa = PBXBuildFile; fileRef = 9880481F1A77EF81003E3E39 /* FrequentContacts.m */; };
		9880486F1A77F057003E3E39 /* DialedNumbers.m in Sources */ = {isa = PBXBuildFile; fileRef = 9880481B1A77EF81003E3E39 /* DialedNumbers.m */; };
		988048701A77F05A003E3E39 /* DataManager.m in Sources */ = {isa = PBXBuildFile; fileRef = 988048191A77EF81003E3E39 /* DataManager.m */; };
		988048711A77F062003E3E39 /* down_arrow.png in Resources */ = {isa = PBXBuildFile; fileRef = 988048251A77EF81003E3E39 /* down_arrow.png */; };
		988048731A77F068003E3E39 /* fab_green.png in Resources */ = {isa = PBXBuildFile; fileRef = 988048271A77EF81003E3E39 /* fab_green.png */; };
		988048741A77F068003E3E39 /* fab_ic_call.png in Resources */ = {isa = PBXBuildFile; fileRef = 988048281A77EF81003E3E39 /* fab_ic_call.png */; };
		988048751A77F068003E3E39 /* fab_red.png in Resources */ = {isa = PBXBuildFile; fileRef = 988048291A77EF81003E3E39 /* fab_red.png */; };
		988048861A77F068003E3E39 /* up_arrow.png in Resources */ = {isa = PBXBuildFile; fileRef = 9880483A1A77EF81003E3E39 /* up_arrow.png */; };
		988048871A77F0A5003E3E39 /* DefaultEnglishAlphabets.plist in Resources */ = {isa = PBXBuildFile; fileRef = 9880483F1A77EF81003E3E39 /* DefaultEnglishAlphabets.plist */; };
		988048881A77F0A5003E3E39 /* MaterialDesignColors.plist in Resources */ = {isa = PBXBuildFile; fileRef = 988048401A77EF81003E3E39 /* MaterialDesignColors.plist */; };
		9880488B1A77F0CC003E3E39 /* MediaPlayer.framework in Frameworks */ = {isa = PBXBuildFile; fileRef = 9880488A1A77F0CC003E3E39 /* MediaPlayer.framework */; };
		9880488D1A77F0D7003E3E39 /* MessageUI.framework in Frameworks */ = {isa = PBXBuildFile; fileRef = 9880488C1A77F0D7003E3E39 /* MessageUI.framework */; };
		9880488F1A77F103003E3E39 /* AddressBook.framework in Frameworks */ = {isa = PBXBuildFile; fileRef = 9880488E1A77F103003E3E39 /* AddressBook.framework */; };
		988048911A77F10A003E3E39 /* AddressBookUI.framework in Frameworks */ = {isa = PBXBuildFile; fileRef = 988048901A77F10A003E3E39 /* AddressBookUI.framework */; };
		988048931A77F11A003E3E39 /* Social.framework in Frameworks */ = {isa = PBXBuildFile; fileRef = 988048921A77F11A003E3E39 /* Social.framework */; };
		988048951A77F122003E3E39 /* Accounts.framework in Frameworks */ = {isa = PBXBuildFile; fileRef = 988048941A77F122003E3E39 /* Accounts.framework */; };
		988048961A77F152003E3E39 /* AddressBook.framework in Frameworks */ = {isa = PBXBuildFile; fileRef = 9880488E1A77F103003E3E39 /* AddressBook.framework */; };
		988048A71A77F4C2003E3E39 /* CustomCollectionViewCell.m in Sources */ = {isa = PBXBuildFile; fileRef = 9880489A1A77F4C2003E3E39 /* CustomCollectionViewCell.m */; };
		988048A81A77F4C2003E3E39 /* CustomAlphabetSettingViewController.m in Sources */ = {isa = PBXBuildFile; fileRef = 9880489D1A77F4C2003E3E39 /* CustomAlphabetSettingViewController.m */; };
		988048A91A77F4C2003E3E39 /* HomeViewController.m in Sources */ = {isa = PBXBuildFile; fileRef = 988048A01A77F4C2003E3E39 /* HomeViewController.m */; };
		988048AA1A77F4C2003E3E39 /* MenuViewController.m in Sources */ = {isa = PBXBuildFile; fileRef = 988048A31A77F4C2003E3E39 /* MenuViewController.m */; };
		988048AB1A77F4C2003E3E39 /* CustomTableViewCell.m in Sources */ = {isa = PBXBuildFile; fileRef = 988048A61A77F4C2003E3E39 /* CustomTableViewCell.m */; };
		988048AC1A77F5F4003E3E39 /* YoBu.xcdatamodeld in Sources */ = {isa = PBXBuildFile; fileRef = 988047D61A77EAA2003E3E39 /* YoBu.xcdatamodeld */; };
		988048AD1A77F7A7003E3E39 /* Images.xcassets in Resources */ = {isa = PBXBuildFile; fileRef = 988047DF1A77EAA3003E3E39 /* Images.xcassets */; };
		988048C51A77FA90003E3E39 /* Contents.json in Resources */ = {isa = PBXBuildFile; fileRef = 988048B11A77FA90003E3E39 /* Contents.json */; };
		988048C71A77FA90003E3E39 /* Icon-40.png in Resources */ = {isa = PBXBuildFile; fileRef = 988048B21A77FA90003E3E39 /* Icon-40.png */; };
		988048C91A77FA90003E3E39 /* Icon-40@2x.png in Resources */ = {isa = PBXBuildFile; fileRef = 988048B31A77FA90003E3E39 /* Icon-40@2x.png */; };
		988048CB1A77FA90003E3E39 /* Icon-40@3x.png in Resources */ = {isa = PBXBuildFile; fileRef = 988048B41A77FA90003E3E39 /* Icon-40@3x.png */; };
		988048CD1A77FA90003E3E39 /* Icon-60@2x.png in Resources */ = {isa = PBXBuildFile; fileRef = 988048B51A77FA90003E3E39 /* Icon-60@2x.png */; };
		988048CF1A77FA90003E3E39 /* Icon-60@3x.png in Resources */ = {isa = PBXBuildFile; fileRef = 988048B61A77FA90003E3E39 /* Icon-60@3x.png */; };
		988048D11A77FA90003E3E39 /* Icon-76.png in Resources */ = {isa = PBXBuildFile; fileRef = 988048B71A77FA90003E3E39 /* Icon-76.png */; };
		988048D31A77FA90003E3E39 /* Icon-76@2x.png in Resources */ = {isa = PBXBuildFile; fileRef = 988048B81A77FA90003E3E39 /* Icon-76@2x.png */; };
		988048D51A77FA90003E3E39 /* Icon-Small.png in Resources */ = {isa = PBXBuildFile; fileRef = 988048B91A77FA90003E3E39 /* Icon-Small.png */; };
		988048D71A77FA90003E3E39 /* Icon-Small@2x.png in Resources */ = {isa = PBXBuildFile; fileRef = 988048BA1A77FA90003E3E39 /* Icon-Small@2x.png */; };
		988048D91A77FA90003E3E39 /* Icon-Small@3x.png in Resources */ = {isa = PBXBuildFile; fileRef = 988048BB1A77FA90003E3E39 /* Icon-Small@3x.png */; };
		988048DB1A77FA90003E3E39 /* Icon-60.png in Resources */ = {isa = PBXBuildFile; fileRef = 988048BC1A77FA90003E3E39 /* Icon-60.png */; };
		988048DD1A77FA90003E3E39 /* Icon-72.png in Resources */ = {isa = PBXBuildFile; fileRef = 988048BD1A77FA90003E3E39 /* Icon-72.png */; };
		988048DF1A77FA90003E3E39 /* Icon-72@2x.png in Resources */ = {isa = PBXBuildFile; fileRef = 988048BE1A77FA90003E3E39 /* Icon-72@2x.png */; };
		988048E11A77FA90003E3E39 /* Icon-Small-50.png in Resources */ = {isa = PBXBuildFile; fileRef = 988048BF1A77FA90003E3E39 /* Icon-Small-50.png */; };
		988048E31A77FA90003E3E39 /* Icon-Small-50@2x.png in Resources */ = {isa = PBXBuildFile; fileRef = 988048C01A77FA90003E3E39 /* Icon-Small-50@2x.png */; };
		988048E51A77FA90003E3E39 /* Icon.png in Resources */ = {isa = PBXBuildFile; fileRef = 988048C11A77FA90003E3E39 /* Icon.png */; };
		988048E71A77FA90003E3E39 /* Icon@2x.png in Resources */ = {isa = PBXBuildFile; fileRef = 988048C21A77FA90003E3E39 /* Icon@2x.png */; };
		988048E91A77FA90003E3E39 /* iTunesArtwork.png in Resources */ = {isa = PBXBuildFile; fileRef = 988048C31A77FA90003E3E39 /* iTunesArtwork.png */; };
		988048EB1A77FA90003E3E39 /* iTunesArtwork@2x.png in Resources */ = {isa = PBXBuildFile; fileRef = 988048C41A77FA90003E3E39 /* iTunesArtwork@2x.png */; };
		989DDADA1AB88AAF009FB141 /* ic_arrow_back_24dp.png in Resources */ = {isa = PBXBuildFile; fileRef = 9880482B1A77EF81003E3E39 /* ic_arrow_back_24dp.png */; };
		98FAEC861AAAD8C20038B0D0 /* AddressBook.m in Sources */ = {isa = PBXBuildFile; fileRef = 98FAEC851AAAD8C20038B0D0 /* AddressBook.m */; };
		98FAEC871AAAD8C20038B0D0 /* AddressBook.m in Sources */ = {isa = PBXBuildFile; fileRef = 98FAEC851AAAD8C20038B0D0 /* AddressBook.m */; };
/* End PBXBuildFile section */

/* Begin PBXContainerItemProxy section */
		988047E91A77EAA3003E3E39 /* PBXContainerItemProxy */ = {
			isa = PBXContainerItemProxy;
			containerPortal = 988047C41A77EAA2003E3E39 /* Project object */;
			proxyType = 1;
			remoteGlobalIDString = 988047CB1A77EAA2003E3E39;
			remoteInfo = YoBu;
		};
		988048081A77EB38003E3E39 /* PBXContainerItemProxy */ = {
			isa = PBXContainerItemProxy;
			containerPortal = 988047C41A77EAA2003E3E39 /* Project object */;
			proxyType = 1;
			remoteGlobalIDString = 988047FB1A77EB38003E3E39;
			remoteInfo = YoBuWidget;
		};
/* End PBXContainerItemProxy section */

/* Begin PBXCopyFilesBuildPhase section */
		9880480E1A77EB38003E3E39 /* Embed App Extensions */ = {
			isa = PBXCopyFilesBuildPhase;
			buildActionMask = 2147483647;
			dstPath = "";
			dstSubfolderSpec = 13;
			files = (
				9880480A1A77EB38003E3E39 /* YoBuWidget.appex in Embed App Extensions */,
			);
			name = "Embed App Extensions";
			runOnlyForDeploymentPostprocessing = 0;
		};
/* End PBXCopyFilesBuildPhase section */

/* Begin PBXFileReference section */
		3AE306701AA6C22100875340 /* UIColor+HexColor.h */ = {isa = PBXFileReference; fileEncoding = 4; lastKnownFileType = sourcecode.c.h; path = "UIColor+HexColor.h"; sourceTree = "<group>"; };
		3AE306711AA6C22100875340 /* UIColor+HexColor.m */ = {isa = PBXFileReference; fileEncoding = 4; lastKnownFileType = sourcecode.c.objc; path = "UIColor+HexColor.m"; sourceTree = "<group>"; };
		3AE306761AA6C2B300875340 /* ConsoleLogs.h */ = {isa = PBXFileReference; fileEncoding = 4; lastKnownFileType = sourcecode.c.h; path = ConsoleLogs.h; sourceTree = "<group>"; };
		3AE306771AA6C2B300875340 /* ConsoleLogs.m */ = {isa = PBXFileReference; fileEncoding = 4; lastKnownFileType = sourcecode.c.objc; path = ConsoleLogs.m; sourceTree = "<group>"; };
		3AE306781AA6C2B300875340 /* Logging.h */ = {isa = PBXFileReference; fileEncoding = 4; lastKnownFileType = sourcecode.c.h; path = Logging.h; sourceTree = "<group>"; };
		3AE3067B1AA6DD8000875340 /* YoBu-Prefix.pch */ = {isa = PBXFileReference; fileEncoding = 4; lastKnownFileType = sourcecode.c.h; path = "YoBu-Prefix.pch"; sourceTree = "<group>"; };
		983DF8B41A98F97B0099B43D /* RecentContactsViewController.h */ = {isa = PBXFileReference; fileEncoding = 4; lastKnownFileType = sourcecode.c.h; name = RecentContactsViewController.h; path = RecentContactsViewController/RecentContactsViewController.h; sourceTree = "<group>"; };
		983DF8B51A98F97B0099B43D /* RecentContactsViewController.m */ = {isa = PBXFileReference; fileEncoding = 4; lastKnownFileType = sourcecode.c.objc; name = RecentContactsViewController.m; path = RecentContactsViewController/RecentContactsViewController.m; sourceTree = "<group>"; };
		983DF8B81A9909720099B43D /* RecentContactsCustomCell.h */ = {isa = PBXFileReference; fileEncoding = 4; lastKnownFileType = sourcecode.c.h; name = RecentContactsCustomCell.h; path = RecentContactsViewController/RecentContactsCustomCell/RecentContactsCustomCell.h; sourceTree = "<group>"; };
		983DF8B91A9909720099B43D /* RecentContactsCustomCell.m */ = {isa = PBXFileReference; fileEncoding = 4; lastKnownFileType = sourcecode.c.objc; name = RecentContactsCustomCell.m; path = RecentContactsViewController/RecentContactsCustomCell/RecentContactsCustomCell.m; sourceTree = "<group>"; };
		983DF8BC1A990B740099B43D /* FrequentCustomCell.h */ = {isa = PBXFileReference; fileEncoding = 4; lastKnownFileType = sourcecode.c.h; name = FrequentCustomCell.h; path = RecentContactsViewController/FrequentCustomCell/FrequentCustomCell.h; sourceTree = "<group>"; };
		983DF8BD1A990B740099B43D /* FrequentCustomCell.m */ = {isa = PBXFileReference; fileEncoding = 4; lastKnownFileType = sourcecode.c.objc; name = FrequentCustomCell.m; path = RecentContactsViewController/FrequentCustomCell/FrequentCustomCell.m; sourceTree = "<group>"; };
		983DF8C01A991F2A0099B43D /* FavoriteContactCustomCell.h */ = {isa = PBXFileReference; fileEncoding = 4; lastKnownFileType = sourcecode.c.h; name = FavoriteContactCustomCell.h; path = FavoriteViewController/FavoriteContactCustomCell/FavoriteContactCustomCell.h; sourceTree = "<group>"; };
		983DF8C11A991F2A0099B43D /* FavoriteContactCustomCell.m */ = {isa = PBXFileReference; fileEncoding = 4; lastKnownFileType = sourcecode.c.objc; name = FavoriteContactCustomCell.m; path = FavoriteViewController/FavoriteContactCustomCell/FavoriteContactCustomCell.m; sourceTree = "<group>"; };
		983DF8C31A9929300099B43D /* FavoriteContacts.h */ = {isa = PBXFileReference; fileEncoding = 4; lastKnownFileType = sourcecode.c.h; name = FavoriteContacts.h; path = CoreData/CoreDataModels/FavoriteContacts.h; sourceTree = SOURCE_ROOT; };
		983DF8C41A9929300099B43D /* FavoriteContacts.m */ = {isa = PBXFileReference; fileEncoding = 4; lastKnownFileType = sourcecode.c.objc; name = FavoriteContacts.m; path = CoreData/CoreDataModels/FavoriteContacts.m; sourceTree = SOURCE_ROOT; };
		98640BF11A827BD300A3675D /* StoreKit.framework */ = {isa = PBXFileReference; lastKnownFileType = wrapper.framework; name = StoreKit.framework; path = System/Library/Frameworks/StoreKit.framework; sourceTree = SDKROOT; };
		988047CC1A77EAA2003E3E39 /* YoBu.app */ = {isa = PBXFileReference; explicitFileType = wrapper.application; includeInIndex = 0; path = YoBu.app; sourceTree = BUILT_PRODUCTS_DIR; };
		988047D01A77EAA2003E3E39 /* Info.plist */ = {isa = PBXFileReference; lastKnownFileType = text.plist.xml; path = Info.plist; sourceTree = "<group>"; };
		988047D11A77EAA2003E3E39 /* main.m */ = {isa = PBXFileReference; lastKnownFileType = sourcecode.c.objc; path = main.m; sourceTree = "<group>"; };
		988047D31A77EAA2003E3E39 /* AppDelegate.h */ = {isa = PBXFileReference; lastKnownFileType = sourcecode.c.h; path = AppDelegate.h; sourceTree = "<group>"; };
		988047D41A77EAA2003E3E39 /* AppDelegate.m */ = {isa = PBXFileReference; lastKnownFileType = sourcecode.c.objc; path = AppDelegate.m; sourceTree = "<group>"; };
		988047D71A77EAA2003E3E39 /* YoBu.xcdatamodel */ = {isa = PBXFileReference; lastKnownFileType = wrapper.xcdatamodel; path = YoBu.xcdatamodel; sourceTree = "<group>"; };
		988047D91A77EAA2003E3E39 /* FavoriteViewController.h */ = {isa = PBXFileReference; lastKnownFileType = sourcecode.c.h; name = FavoriteViewController.h; path = ../FavoriteViewController.h; sourceTree = "<group>"; };
		988047DA1A77EAA2003E3E39 /* FavoriteViewController.m */ = {isa = PBXFileReference; lastKnownFileType = sourcecode.c.objc; name = FavoriteViewController.m; path = ../FavoriteViewController.m; sourceTree = "<group>"; };
		988047DD1A77EAA3003E3E39 /* Base */ = {isa = PBXFileReference; lastKnownFileType = file.storyboard; name = Base; path = Base.lproj/Main.storyboard; sourceTree = "<group>"; };
		988047DF1A77EAA3003E3E39 /* Images.xcassets */ = {isa = PBXFileReference; lastKnownFileType = folder.assetcatalog; path = Images.xcassets; sourceTree = "<group>"; };
		988047E21A77EAA3003E3E39 /* Base */ = {isa = PBXFileReference; lastKnownFileType = file.xib; name = Base; path = Base.lproj/LaunchScreen.xib; sourceTree = "<group>"; };
		988047E81A77EAA3003E3E39 /* YoBuTests.xctest */ = {isa = PBXFileReference; explicitFileType = wrapper.cfbundle; includeInIndex = 0; path = YoBuTests.xctest; sourceTree = BUILT_PRODUCTS_DIR; };
		988047ED1A77EAA3003E3E39 /* Info.plist */ = {isa = PBXFileReference; lastKnownFileType = text.plist.xml; path = Info.plist; sourceTree = "<group>"; };
		988047EE1A77EAA3003E3E39 /* YoBuTests.m */ = {isa = PBXFileReference; lastKnownFileType = sourcecode.c.objc; path = YoBuTests.m; sourceTree = "<group>"; };
		988047FC1A77EB38003E3E39 /* YoBuWidget.appex */ = {isa = PBXFileReference; explicitFileType = "wrapper.app-extension"; includeInIndex = 0; path = YoBuWidget.appex; sourceTree = BUILT_PRODUCTS_DIR; };
		988047FE1A77EB38003E3E39 /* NotificationCenter.framework */ = {isa = PBXFileReference; lastKnownFileType = wrapper.framework; name = NotificationCenter.framework; path = System/Library/Frameworks/NotificationCenter.framework; sourceTree = SDKROOT; };
		988048021A77EB38003E3E39 /* Info.plist */ = {isa = PBXFileReference; lastKnownFileType = text.plist.xml; path = Info.plist; sourceTree = "<group>"; };
		988048031A77EB38003E3E39 /* TodayViewController.h */ = {isa = PBXFileReference; lastKnownFileType = sourcecode.c.h; path = TodayViewController.h; sourceTree = "<group>"; };
		988048041A77EB38003E3E39 /* TodayViewController.m */ = {isa = PBXFileReference; lastKnownFileType = sourcecode.c.objc; path = TodayViewController.m; sourceTree = "<group>"; };
		988048061A77EB38003E3E39 /* MainInterface.storyboard */ = {isa = PBXFileReference; lastKnownFileType = file.storyboard; path = MainInterface.storyboard; sourceTree = "<group>"; };
		9880480F1A77EB86003E3E39 /* YoBu.entitlements */ = {isa = PBXFileReference; lastKnownFileType = text.xml; path = YoBu.entitlements; sourceTree = "<group>"; };
		988048101A77EBB7003E3E39 /* YoBuWidget.entitlements */ = {isa = PBXFileReference; lastKnownFileType = text.xml; path = YoBuWidget.entitlements; sourceTree = "<group>"; };
		988048161A77EF81003E3E39 /* CustomSearchAlphabets.h */ = {isa = PBXFileReference; fileEncoding = 4; lastKnownFileType = sourcecode.c.h; path = CustomSearchAlphabets.h; sourceTree = "<group>"; };
		988048171A77EF81003E3E39 /* CustomSearchAlphabets.m */ = {isa = PBXFileReference; fileEncoding = 4; lastKnownFileType = sourcecode.c.objc; path = CustomSearchAlphabets.m; sourceTree = "<group>"; };
		988048181A77EF81003E3E39 /* DataManager.h */ = {isa = PBXFileReference; fileEncoding = 4; lastKnownFileType = sourcecode.c.h; path = DataManager.h; sourceTree = "<group>"; };
		988048191A77EF81003E3E39 /* DataManager.m */ = {isa = PBXFileReference; fileEncoding = 4; lastKnownFileType = sourcecode.c.objc; path = DataManager.m; sourceTree = "<group>"; };
		9880481A1A77EF81003E3E39 /* DialedNumbers.h */ = {isa = PBXFileReference; fileEncoding = 4; lastKnownFileType = sourcecode.c.h; path = DialedNumbers.h; sourceTree = "<group>"; };
		9880481B1A77EF81003E3E39 /* DialedNumbers.m */ = {isa = PBXFileReference; fileEncoding = 4; lastKnownFileType = sourcecode.c.objc; path = DialedNumbers.m; sourceTree = "<group>"; };
		9880481E1A77EF81003E3E39 /* FrequentContacts.h */ = {isa = PBXFileReference; fileEncoding = 4; lastKnownFileType = sourcecode.c.h; path = FrequentContacts.h; sourceTree = "<group>"; };
		9880481F1A77EF81003E3E39 /* FrequentContacts.m */ = {isa = PBXFileReference; fileEncoding = 4; lastKnownFileType = sourcecode.c.objc; path = FrequentContacts.m; sourceTree = "<group>"; };
		988048211A77EF81003E3E39 /* DataAccessLayer.h */ = {isa = PBXFileReference; fileEncoding = 4; lastKnownFileType = sourcecode.c.h; path = DataAccessLayer.h; sourceTree = "<group>"; };
		988048221A77EF81003E3E39 /* DataAccessLayer.m */ = {isa = PBXFileReference; fileEncoding = 4; lastKnownFileType = sourcecode.c.objc; path = DataAccessLayer.m; sourceTree = "<group>"; };
		988048251A77EF81003E3E39 /* down_arrow.png */ = {isa = PBXFileReference; lastKnownFileType = image.png; path = down_arrow.png; sourceTree = "<group>"; };
		988048261A77EF81003E3E39 /* fab_blue.png */ = {isa = PBXFileReference; lastKnownFileType = image.png; path = fab_blue.png; sourceTree = "<group>"; };
		988048271A77EF81003E3E39 /* fab_green.png */ = {isa = PBXFileReference; lastKnownFileType = image.png; path = fab_green.png; sourceTree = "<group>"; };
		988048281A77EF81003E3E39 /* fab_ic_call.png */ = {isa = PBXFileReference; lastKnownFileType = image.png; path = fab_ic_call.png; sourceTree = "<group>"; };
		988048291A77EF81003E3E39 /* fab_red.png */ = {isa = PBXFileReference; lastKnownFileType = image.png; path = fab_red.png; sourceTree = "<group>"; };
		9880482A1A77EF81003E3E39 /* ic_ab_search.png */ = {isa = PBXFileReference; lastKnownFileType = image.png; path = ic_ab_search.png; sourceTree = "<group>"; };
		9880482B1A77EF81003E3E39 /* ic_arrow_back_24dp.png */ = {isa = PBXFileReference; lastKnownFileType = image.png; path = ic_arrow_back_24dp.png; sourceTree = "<group>"; };
		9880482C1A77EF81003E3E39 /* ic_cancel_holo_light.png */ = {isa = PBXFileReference; lastKnownFileType = image.png; path = ic_cancel_holo_light.png; sourceTree = "<group>"; };
		9880482D1A77EF81003E3E39 /* ic_card_phone.png */ = {isa = PBXFileReference; lastKnownFileType = image.png; path = ic_card_phone.png; sourceTree = "<group>"; };
		9880482E1A77EF81003E3E39 /* ic_card_settings.png */ = {isa = PBXFileReference; lastKnownFileType = image.png; path = ic_card_settings.png; sourceTree = "<group>"; };
		9880482F1A77EF81003E3E39 /* ic_close_dk.png */ = {isa = PBXFileReference; lastKnownFileType = image.png; path = ic_close_dk.png; sourceTree = "<group>"; };
		988048301A77EF81003E3E39 /* ic_dialpad_delete.png */ = {isa = PBXFileReference; lastKnownFileType = image.png; path = ic_dialpad_delete.png; sourceTree = "<group>"; };
		988048311A77EF81003E3E39 /* ic_handle.png */ = {isa = PBXFileReference; lastKnownFileType = image.png; path = ic_handle.png; sourceTree = "<group>"; };
		988048321A77EF81003E3E39 /* ic_menu_dialpad_lt.png */ = {isa = PBXFileReference; lastKnownFileType = image.png; path = ic_menu_dialpad_lt.png; sourceTree = "<group>"; };
		988048331A77EF81003E3E39 /* ic_menu_history_dk.png */ = {isa = PBXFileReference; lastKnownFileType = image.png; path = ic_menu_history_dk.png; sourceTree = "<group>"; };
		988048341A77EF81003E3E39 /* ic_menu_history_lt.png */ = {isa = PBXFileReference; lastKnownFileType = image.png; path = ic_menu_history_lt.png; sourceTree = "<group>"; };
		988048351A77EF81003E3E39 /* ic_menu_overflow_lt.png */ = {isa = PBXFileReference; lastKnownFileType = image.png; path = ic_menu_overflow_lt.png; sourceTree = "<group>"; };
		988048361A77EF81003E3E39 /* ic_menu_remove_field_holo_light.png */ = {isa = PBXFileReference; lastKnownFileType = image.png; path = ic_menu_remove_field_holo_light.png; sourceTree = "<group>"; };
		988048371A77EF81003E3E39 /* ic_results_phone.png */ = {isa = PBXFileReference; lastKnownFileType = image.png; path = ic_results_phone.png; sourceTree = "<group>"; };
		988048381A77EF81003E3E39 /* ic_toolbar_dialpad.png */ = {isa = PBXFileReference; lastKnownFileType = image.png; path = ic_toolbar_dialpad.png; sourceTree = "<group>"; };
		988048391A77EF81003E3E39 /* testShareImage.png */ = {isa = PBXFileReference; lastKnownFileType = image.png; path = testShareImage.png; sourceTree = "<group>"; };
		9880483A1A77EF81003E3E39 /* up_arrow.png */ = {isa = PBXFileReference; lastKnownFileType = image.png; path = up_arrow.png; sourceTree = "<group>"; };
		9880483C1A77EF81003E3E39 /* tutorial.mp4 */ = {isa = PBXFileReference; lastKnownFileType = file; path = tutorial.mp4; sourceTree = "<group>"; };
		9880483D1A77EF81003E3E39 /* tutorial2.mp4 */ = {isa = PBXFileReference; lastKnownFileType = file; path = tutorial2.mp4; sourceTree = "<group>"; };
		9880483F1A77EF81003E3E39 /* DefaultEnglishAlphabets.plist */ = {isa = PBXFileReference; fileEncoding = 4; lastKnownFileType = text.plist.xml; path = DefaultEnglishAlphabets.plist; sourceTree = "<group>"; };
		988048401A77EF81003E3E39 /* MaterialDesignColors.plist */ = {isa = PBXFileReference; fileEncoding = 4; lastKnownFileType = text.plist.xml; path = MaterialDesignColors.plist; sourceTree = "<group>"; };
		988048421A77EF81003E3E39 /* ContactsInstance.h */ = {isa = PBXFileReference; fileEncoding = 4; lastKnownFileType = sourcecode.c.h; path = ContactsInstance.h; sourceTree = "<group>"; };
		988048431A77EF81003E3E39 /* ContactsInstance.m */ = {isa = PBXFileReference; fileEncoding = 4; lastKnownFileType = sourcecode.c.objc; path = ContactsInstance.m; sourceTree = "<group>"; };
		988048671A77EFE1003E3E39 /* CustomCell.h */ = {isa = PBXFileReference; fileEncoding = 4; lastKnownFileType = sourcecode.c.h; path = CustomCell.h; sourceTree = "<group>"; };
		988048681A77EFE1003E3E39 /* CustomCell.m */ = {isa = PBXFileReference; fileEncoding = 4; lastKnownFileType = sourcecode.c.objc; path = CustomCell.m; sourceTree = "<group>"; };
		9880488A1A77F0CC003E3E39 /* MediaPlayer.framework */ = {isa = PBXFileReference; lastKnownFileType = wrapper.framework; name = MediaPlayer.framework; path = System/Library/Frameworks/MediaPlayer.framework; sourceTree = SDKROOT; };
		9880488C1A77F0D7003E3E39 /* MessageUI.framework */ = {isa = PBXFileReference; lastKnownFileType = wrapper.framework; name = MessageUI.framework; path = System/Library/Frameworks/MessageUI.framework; sourceTree = SDKROOT; };
		9880488E1A77F103003E3E39 /* AddressBook.framework */ = {isa = PBXFileReference; lastKnownFileType = wrapper.framework; name = AddressBook.framework; path = System/Library/Frameworks/AddressBook.framework; sourceTree = SDKROOT; };
		988048901A77F10A003E3E39 /* AddressBookUI.framework */ = {isa = PBXFileReference; lastKnownFileType = wrapper.framework; name = AddressBookUI.framework; path = System/Library/Frameworks/AddressBookUI.framework; sourceTree = SDKROOT; };
		988048921A77F11A003E3E39 /* Social.framework */ = {isa = PBXFileReference; lastKnownFileType = wrapper.framework; name = Social.framework; path = System/Library/Frameworks/Social.framework; sourceTree = SDKROOT; };
		988048941A77F122003E3E39 /* Accounts.framework */ = {isa = PBXFileReference; lastKnownFileType = wrapper.framework; name = Accounts.framework; path = System/Library/Frameworks/Accounts.framework; sourceTree = SDKROOT; };
		988048991A77F4C2003E3E39 /* CustomCollectionViewCell.h */ = {isa = PBXFileReference; fileEncoding = 4; lastKnownFileType = sourcecode.c.h; path = CustomCollectionViewCell.h; sourceTree = "<group>"; };
		9880489A1A77F4C2003E3E39 /* CustomCollectionViewCell.m */ = {isa = PBXFileReference; fileEncoding = 4; lastKnownFileType = sourcecode.c.objc; path = CustomCollectionViewCell.m; sourceTree = "<group>"; };
		9880489C1A77F4C2003E3E39 /* CustomAlphabetSettingViewController.h */ = {isa = PBXFileReference; fileEncoding = 4; lastKnownFileType = sourcecode.c.h; path = CustomAlphabetSettingViewController.h; sourceTree = "<group>"; };
		9880489D1A77F4C2003E3E39 /* CustomAlphabetSettingViewController.m */ = {isa = PBXFileReference; fileEncoding = 4; lastKnownFileType = sourcecode.c.objc; path = CustomAlphabetSettingViewController.m; sourceTree = "<group>"; };
		9880489F1A77F4C2003E3E39 /* HomeViewController.h */ = {isa = PBXFileReference; fileEncoding = 4; lastKnownFileType = sourcecode.c.h; path = HomeViewController.h; sourceTree = "<group>"; };
		988048A01A77F4C2003E3E39 /* HomeViewController.m */ = {isa = PBXFileReference; fileEncoding = 4; lastKnownFileType = sourcecode.c.objc; path = HomeViewController.m; sourceTree = "<group>"; };
		988048A21A77F4C2003E3E39 /* MenuViewController.h */ = {isa = PBXFileReference; fileEncoding = 4; lastKnownFileType = sourcecode.c.h; path = MenuViewController.h; sourceTree = "<group>"; };
		988048A31A77F4C2003E3E39 /* MenuViewController.m */ = {isa = PBXFileReference; fileEncoding = 4; lastKnownFileType = sourcecode.c.objc; path = MenuViewController.m; sourceTree = "<group>"; };
		988048A51A77F4C2003E3E39 /* CustomTableViewCell.h */ = {isa = PBXFileReference; fileEncoding = 4; lastKnownFileType = sourcecode.c.h; path = CustomTableViewCell.h; sourceTree = "<group>"; };
		988048A61A77F4C2003E3E39 /* CustomTableViewCell.m */ = {isa = PBXFileReference; fileEncoding = 4; lastKnownFileType = sourcecode.c.objc; path = CustomTableViewCell.m; sourceTree = "<group>"; };
		988048B11A77FA90003E3E39 /* Contents.json */ = {isa = PBXFileReference; fileEncoding = 4; lastKnownFileType = text.json; path = Contents.json; sourceTree = "<group>"; };
		988048B21A77FA90003E3E39 /* Icon-40.png */ = {isa = PBXFileReference; lastKnownFileType = image.png; path = "Icon-40.png"; sourceTree = "<group>"; };
		988048B31A77FA90003E3E39 /* Icon-40@2x.png */ = {isa = PBXFileReference; lastKnownFileType = image.png; path = "Icon-40@2x.png"; sourceTree = "<group>"; };
		988048B41A77FA90003E3E39 /* Icon-40@3x.png */ = {isa = PBXFileReference; lastKnownFileType = image.png; path = "Icon-40@3x.png"; sourceTree = "<group>"; };
		988048B51A77FA90003E3E39 /* Icon-60@2x.png */ = {isa = PBXFileReference; lastKnownFileType = image.png; path = "Icon-60@2x.png"; sourceTree = "<group>"; };
		988048B61A77FA90003E3E39 /* Icon-60@3x.png */ = {isa = PBXFileReference; lastKnownFileType = image.png; path = "Icon-60@3x.png"; sourceTree = "<group>"; };
		988048B71A77FA90003E3E39 /* Icon-76.png */ = {isa = PBXFileReference; lastKnownFileType = image.png; path = "Icon-76.png"; sourceTree = "<group>"; };
		988048B81A77FA90003E3E39 /* Icon-76@2x.png */ = {isa = PBXFileReference; lastKnownFileType = image.png; path = "Icon-76@2x.png"; sourceTree = "<group>"; };
		988048B91A77FA90003E3E39 /* Icon-Small.png */ = {isa = PBXFileReference; lastKnownFileType = image.png; path = "Icon-Small.png"; sourceTree = "<group>"; };
		988048BA1A77FA90003E3E39 /* Icon-Small@2x.png */ = {isa = PBXFileReference; lastKnownFileType = image.png; path = "Icon-Small@2x.png"; sourceTree = "<group>"; };
		988048BB1A77FA90003E3E39 /* Icon-Small@3x.png */ = {isa = PBXFileReference; lastKnownFileType = image.png; path = "Icon-Small@3x.png"; sourceTree = "<group>"; };
		988048BC1A77FA90003E3E39 /* Icon-60.png */ = {isa = PBXFileReference; lastKnownFileType = image.png; path = "Icon-60.png"; sourceTree = "<group>"; };
		988048BD1A77FA90003E3E39 /* Icon-72.png */ = {isa = PBXFileReference; lastKnownFileType = image.png; path = "Icon-72.png"; sourceTree = "<group>"; };
		988048BE1A77FA90003E3E39 /* Icon-72@2x.png */ = {isa = PBXFileReference; lastKnownFileType = image.png; path = "Icon-72@2x.png"; sourceTree = "<group>"; };
		988048BF1A77FA90003E3E39 /* Icon-Small-50.png */ = {isa = PBXFileReference; lastKnownFileType = image.png; path = "Icon-Small-50.png"; sourceTree = "<group>"; };
		988048C01A77FA90003E3E39 /* Icon-Small-50@2x.png */ = {isa = PBXFileReference; lastKnownFileType = image.png; path = "Icon-Small-50@2x.png"; sourceTree = "<group>"; };
		988048C11A77FA90003E3E39 /* Icon.png */ = {isa = PBXFileReference; lastKnownFileType = image.png; path = Icon.png; sourceTree = "<group>"; };
		988048C21A77FA90003E3E39 /* Icon@2x.png */ = {isa = PBXFileReference; lastKnownFileType = image.png; path = "Icon@2x.png"; sourceTree = "<group>"; };
		988048C31A77FA90003E3E39 /* iTunesArtwork.png */ = {isa = PBXFileReference; lastKnownFileType = image.png; path = iTunesArtwork.png; sourceTree = "<group>"; };
		988048C41A77FA90003E3E39 /* iTunesArtwork@2x.png */ = {isa = PBXFileReference; lastKnownFileType = image.png; path = "iTunesArtwork@2x.png"; sourceTree = "<group>"; };
		98FAEC841AAAD8C20038B0D0 /* AddressBook.h */ = {isa = PBXFileReference; fileEncoding = 4; lastKnownFileType = sourcecode.c.h; name = AddressBook.h; path = CoreData/CoreDataModels/AddressBook.h; sourceTree = SOURCE_ROOT; };
		98FAEC851AAAD8C20038B0D0 /* AddressBook.m */ = {isa = PBXFileReference; fileEncoding = 4; lastKnownFileType = sourcecode.c.objc; name = AddressBook.m; path = CoreData/CoreDataModels/AddressBook.m; sourceTree = SOURCE_ROOT; };
/* End PBXFileReference section */

/* Begin PBXFrameworksBuildPhase section */
		988047C91A77EAA2003E3E39 /* Frameworks */ = {
			isa = PBXFrameworksBuildPhase;
			buildActionMask = 2147483647;
			files = (
				988048951A77F122003E3E39 /* Accounts.framework in Frameworks */,
				98640BF21A827BD300A3675D /* StoreKit.framework in Frameworks */,
				988048931A77F11A003E3E39 /* Social.framework in Frameworks */,
				988048911A77F10A003E3E39 /* AddressBookUI.framework in Frameworks */,
				9880488F1A77F103003E3E39 /* AddressBook.framework in Frameworks */,
				9880488D1A77F0D7003E3E39 /* MessageUI.framework in Frameworks */,
				9880488B1A77F0CC003E3E39 /* MediaPlayer.framework in Frameworks */,
			);
			runOnlyForDeploymentPostprocessing = 0;
		};
		988047E51A77EAA3003E3E39 /* Frameworks */ = {
			isa = PBXFrameworksBuildPhase;
			buildActionMask = 2147483647;
			files = (
			);
			runOnlyForDeploymentPostprocessing = 0;
		};
		988047F91A77EB38003E3E39 /* Frameworks */ = {
			isa = PBXFrameworksBuildPhase;
			buildActionMask = 2147483647;
			files = (
				988048961A77F152003E3E39 /* AddressBook.framework in Frameworks */,
				988047FF1A77EB38003E3E39 /* NotificationCenter.framework in Frameworks */,
			);
			runOnlyForDeploymentPostprocessing = 0;
		};
/* End PBXFrameworksBuildPhase section */

/* Begin PBXGroup section */
		3AE3066E1AA6C22100875340 /* Common */ = {
			isa = PBXGroup;
			children = (
				3AE306751AA6C2B300875340 /* Logger */,
				3AE3066F1AA6C22100875340 /* Categories */,
			);
			path = Common;
			sourceTree = "<group>";
		};
		3AE3066F1AA6C22100875340 /* Categories */ = {
			isa = PBXGroup;
			children = (
				3AE306701AA6C22100875340 /* UIColor+HexColor.h */,
				3AE306711AA6C22100875340 /* UIColor+HexColor.m */,
			);
			path = Categories;
			sourceTree = "<group>";
		};
		3AE306751AA6C2B300875340 /* Logger */ = {
			isa = PBXGroup;
			children = (
				3AE306761AA6C2B300875340 /* ConsoleLogs.h */,
				3AE306771AA6C2B300875340 /* ConsoleLogs.m */,
				3AE306781AA6C2B300875340 /* Logging.h */,
			);
			path = Logger;
			sourceTree = "<group>";
		};
		983DF8B21A98F8D90099B43D /* FavoriteViewController */ = {
			isa = PBXGroup;
			children = (
				983DF8BF1A991EDB0099B43D /* FavoriteContactCustomCell */,
				988047D91A77EAA2003E3E39 /* FavoriteViewController.h */,
				988047DA1A77EAA2003E3E39 /* FavoriteViewController.m */,
			);
			name = FavoriteViewController;
			sourceTree = "<group>";
		};
		983DF8B31A98F8F20099B43D /* RecentContactsViewController */ = {
			isa = PBXGroup;
			children = (
				983DF8BB1A990B490099B43D /* FrequentCustomCell */,
				983DF8B71A99091E0099B43D /* RecentContactsCustomCell */,
				983DF8B41A98F97B0099B43D /* RecentContactsViewController.h */,
				983DF8B51A98F97B0099B43D /* RecentContactsViewController.m */,
			);
			name = RecentContactsViewController;
			sourceTree = "<group>";
		};
		983DF8B71A99091E0099B43D /* RecentContactsCustomCell */ = {
			isa = PBXGroup;
			children = (
				983DF8B81A9909720099B43D /* RecentContactsCustomCell.h */,
				983DF8B91A9909720099B43D /* RecentContactsCustomCell.m */,
			);
			name = RecentContactsCustomCell;
			sourceTree = "<group>";
		};
		983DF8BB1A990B490099B43D /* FrequentCustomCell */ = {
			isa = PBXGroup;
			children = (
				983DF8BC1A990B740099B43D /* FrequentCustomCell.h */,
				983DF8BD1A990B740099B43D /* FrequentCustomCell.m */,
			);
			name = FrequentCustomCell;
			sourceTree = "<group>";
		};
		983DF8BF1A991EDB0099B43D /* FavoriteContactCustomCell */ = {
			isa = PBXGroup;
			children = (
				983DF8C01A991F2A0099B43D /* FavoriteContactCustomCell.h */,
				983DF8C11A991F2A0099B43D /* FavoriteContactCustomCell.m */,
			);
			name = FavoriteContactCustomCell;
			sourceTree = "<group>";
		};
		988047C31A77EAA2003E3E39 = {
			isa = PBXGroup;
			children = (
				3AE3066E1AA6C22100875340 /* Common */,
				988048141A77EF81003E3E39 /* CoreData */,
				988048231A77EF81003E3E39 /* Media */,
				9880483E1A77EF81003E3E39 /* PlistFiles */,
				988048411A77EF81003E3E39 /* ContactsInstance */,
				988047CE1A77EAA2003E3E39 /* YoBu */,
				988047EB1A77EAA3003E3E39 /* YoBuTests */,
				988048001A77EB38003E3E39 /* YoBuWidget */,
				988047FD1A77EB38003E3E39 /* Frameworks */,
				988047CD1A77EAA2003E3E39 /* Products */,
			);
			sourceTree = "<group>";
		};
		988047CD1A77EAA2003E3E39 /* Products */ = {
			isa = PBXGroup;
			children = (
				988047CC1A77EAA2003E3E39 /* YoBu.app */,
				988047E81A77EAA3003E3E39 /* YoBuTests.xctest */,
				988047FC1A77EB38003E3E39 /* YoBuWidget.appex */,
			);
			name = Products;
			sourceTree = "<group>";
		};
		988047CE1A77EAA2003E3E39 /* YoBu */ = {
			isa = PBXGroup;
			children = (
				988048971A77F4C2003E3E39 /* Controllers */,
				9880480F1A77EB86003E3E39 /* YoBu.entitlements */,
				988047D31A77EAA2003E3E39 /* AppDelegate.h */,
				988047D41A77EAA2003E3E39 /* AppDelegate.m */,
				988047DC1A77EAA3003E3E39 /* Main.storyboard */,
				988047DF1A77EAA3003E3E39 /* Images.xcassets */,
				988047E11A77EAA3003E3E39 /* LaunchScreen.xib */,
				988047D61A77EAA2003E3E39 /* YoBu.xcdatamodeld */,
				988047CF1A77EAA2003E3E39 /* Supporting Files */,
			);
			path = YoBu;
			sourceTree = "<group>";
		};
		988047CF1A77EAA2003E3E39 /* Supporting Files */ = {
			isa = PBXGroup;
			children = (
				988047D01A77EAA2003E3E39 /* Info.plist */,
				988047D11A77EAA2003E3E39 /* main.m */,
				3AE3067B1AA6DD8000875340 /* YoBu-Prefix.pch */,
			);
			name = "Supporting Files";
			sourceTree = "<group>";
		};
		988047EB1A77EAA3003E3E39 /* YoBuTests */ = {
			isa = PBXGroup;
			children = (
				988047EE1A77EAA3003E3E39 /* YoBuTests.m */,
				988047EC1A77EAA3003E3E39 /* Supporting Files */,
			);
			path = YoBuTests;
			sourceTree = "<group>";
		};
		988047EC1A77EAA3003E3E39 /* Supporting Files */ = {
			isa = PBXGroup;
			children = (
				988047ED1A77EAA3003E3E39 /* Info.plist */,
			);
			name = "Supporting Files";
			sourceTree = "<group>";
		};
		988047FD1A77EB38003E3E39 /* Frameworks */ = {
			isa = PBXGroup;
			children = (
				98640BF11A827BD300A3675D /* StoreKit.framework */,
				988048941A77F122003E3E39 /* Accounts.framework */,
				988048921A77F11A003E3E39 /* Social.framework */,
				988048901A77F10A003E3E39 /* AddressBookUI.framework */,
				9880488E1A77F103003E3E39 /* AddressBook.framework */,
				9880488C1A77F0D7003E3E39 /* MessageUI.framework */,
				9880488A1A77F0CC003E3E39 /* MediaPlayer.framework */,
				988047FE1A77EB38003E3E39 /* NotificationCenter.framework */,
			);
			name = Frameworks;
			sourceTree = "<group>";
		};
		988048001A77EB38003E3E39 /* YoBuWidget */ = {
			isa = PBXGroup;
			children = (
				988048661A77EFE1003E3E39 /* CustomCell */,
				988048101A77EBB7003E3E39 /* YoBuWidget.entitlements */,
				988048031A77EB38003E3E39 /* TodayViewController.h */,
				988048041A77EB38003E3E39 /* TodayViewController.m */,
				988048061A77EB38003E3E39 /* MainInterface.storyboard */,
				988048011A77EB38003E3E39 /* Supporting Files */,
			);
			path = YoBuWidget;
			sourceTree = "<group>";
		};
		988048011A77EB38003E3E39 /* Supporting Files */ = {
			isa = PBXGroup;
			children = (
				988048021A77EB38003E3E39 /* Info.plist */,
			);
			name = "Supporting Files";
			sourceTree = "<group>";
		};
		988048141A77EF81003E3E39 /* CoreData */ = {
			isa = PBXGroup;
			children = (
				988048151A77EF81003E3E39 /* CoreDataModels */,
				988048201A77EF81003E3E39 /* DataAccessLayer */,
			);
			path = CoreData;
			sourceTree = "<group>";
		};
		988048151A77EF81003E3E39 /* CoreDataModels */ = {
			isa = PBXGroup;
			children = (
				98FAEC841AAAD8C20038B0D0 /* AddressBook.h */,
				98FAEC851AAAD8C20038B0D0 /* AddressBook.m */,
				988048161A77EF81003E3E39 /* CustomSearchAlphabets.h */,
				988048171A77EF81003E3E39 /* CustomSearchAlphabets.m */,
				988048181A77EF81003E3E39 /* DataManager.h */,
				988048191A77EF81003E3E39 /* DataManager.m */,
				9880481A1A77EF81003E3E39 /* DialedNumbers.h */,
				9880481B1A77EF81003E3E39 /* DialedNumbers.m */,
				9880481E1A77EF81003E3E39 /* FrequentContacts.h */,
				9880481F1A77EF81003E3E39 /* FrequentContacts.m */,
				983DF8C31A9929300099B43D /* FavoriteContacts.h */,
				983DF8C41A9929300099B43D /* FavoriteContacts.m */,
			);
			path = CoreDataModels;
			sourceTree = "<group>";
		};
		988048201A77EF81003E3E39 /* DataAccessLayer */ = {
			isa = PBXGroup;
			children = (
				988048211A77EF81003E3E39 /* DataAccessLayer.h */,
				988048221A77EF81003E3E39 /* DataAccessLayer.m */,
			);
			path = DataAccessLayer;
			sourceTree = "<group>";
		};
		988048231A77EF81003E3E39 /* Media */ = {
			isa = PBXGroup;
			children = (
				988048241A77EF81003E3E39 /* Images */,
				9880483B1A77EF81003E3E39 /* Videos */,
			);
			path = Media;
			sourceTree = "<group>";
		};
		988048241A77EF81003E3E39 /* Images */ = {
			isa = PBXGroup;
			children = (
				988048AE1A77FA90003E3E39 /* Icons */,
				988048251A77EF81003E3E39 /* down_arrow.png */,
				988048261A77EF81003E3E39 /* fab_blue.png */,
				988048271A77EF81003E3E39 /* fab_green.png */,
				988048281A77EF81003E3E39 /* fab_ic_call.png */,
				988048291A77EF81003E3E39 /* fab_red.png */,
				9880482A1A77EF81003E3E39 /* ic_ab_search.png */,
				9880482B1A77EF81003E3E39 /* ic_arrow_back_24dp.png */,
				9880482C1A77EF81003E3E39 /* ic_cancel_holo_light.png */,
				9880482D1A77EF81003E3E39 /* ic_card_phone.png */,
				9880482E1A77EF81003E3E39 /* ic_card_settings.png */,
				9880482F1A77EF81003E3E39 /* ic_close_dk.png */,
				988048301A77EF81003E3E39 /* ic_dialpad_delete.png */,
				988048311A77EF81003E3E39 /* ic_handle.png */,
				988048321A77EF81003E3E39 /* ic_menu_dialpad_lt.png */,
				988048331A77EF81003E3E39 /* ic_menu_history_dk.png */,
				988048341A77EF81003E3E39 /* ic_menu_history_lt.png */,
				988048351A77EF81003E3E39 /* ic_menu_overflow_lt.png */,
				988048361A77EF81003E3E39 /* ic_menu_remove_field_holo_light.png */,
				988048371A77EF81003E3E39 /* ic_results_phone.png */,
				988048381A77EF81003E3E39 /* ic_toolbar_dialpad.png */,
				988048391A77EF81003E3E39 /* testShareImage.png */,
				9880483A1A77EF81003E3E39 /* up_arrow.png */,
			);
			path = Images;
			sourceTree = "<group>";
		};
		9880483B1A77EF81003E3E39 /* Videos */ = {
			isa = PBXGroup;
			children = (
				9880483C1A77EF81003E3E39 /* tutorial.mp4 */,
				9880483D1A77EF81003E3E39 /* tutorial2.mp4 */,
			);
			path = Videos;
			sourceTree = "<group>";
		};
		9880483E1A77EF81003E3E39 /* PlistFiles */ = {
			isa = PBXGroup;
			children = (
				9880483F1A77EF81003E3E39 /* DefaultEnglishAlphabets.plist */,
				988048401A77EF81003E3E39 /* MaterialDesignColors.plist */,
			);
			path = PlistFiles;
			sourceTree = "<group>";
		};
		988048411A77EF81003E3E39 /* ContactsInstance */ = {
			isa = PBXGroup;
			children = (
				988048421A77EF81003E3E39 /* ContactsInstance.h */,
				988048431A77EF81003E3E39 /* ContactsInstance.m */,
			);
			path = ContactsInstance;
			sourceTree = "<group>";
		};
		988048661A77EFE1003E3E39 /* CustomCell */ = {
			isa = PBXGroup;
			children = (
				988048671A77EFE1003E3E39 /* CustomCell.h */,
				988048681A77EFE1003E3E39 /* CustomCell.m */,
			);
			path = CustomCell;
			sourceTree = "<group>";
		};
		988048971A77F4C2003E3E39 /* Controllers */ = {
			isa = PBXGroup;
			children = (
				983DF8B31A98F8F20099B43D /* RecentContactsViewController */,
				983DF8B21A98F8D90099B43D /* FavoriteViewController */,
				988048981A77F4C2003E3E39 /* CollectionViewCellCustom */,
				9880489B1A77F4C2003E3E39 /* CustomAlphabetSetting */,
				9880489E1A77F4C2003E3E39 /* HomeViewControlller */,
				988048A11A77F4C2003E3E39 /* MenuViewController */,
				988048A41A77F4C2003E3E39 /* TableViewCellCustom */,
			);
			path = Controllers;
			sourceTree = "<group>";
		};
		988048981A77F4C2003E3E39 /* CollectionViewCellCustom */ = {
			isa = PBXGroup;
			children = (
				988048991A77F4C2003E3E39 /* CustomCollectionViewCell.h */,
				9880489A1A77F4C2003E3E39 /* CustomCollectionViewCell.m */,
			);
			path = CollectionViewCellCustom;
			sourceTree = "<group>";
		};
		9880489B1A77F4C2003E3E39 /* CustomAlphabetSetting */ = {
			isa = PBXGroup;
			children = (
				9880489C1A77F4C2003E3E39 /* CustomAlphabetSettingViewController.h */,
				9880489D1A77F4C2003E3E39 /* CustomAlphabetSettingViewController.m */,
			);
			path = CustomAlphabetSetting;
			sourceTree = "<group>";
		};
		9880489E1A77F4C2003E3E39 /* HomeViewControlller */ = {
			isa = PBXGroup;
			children = (
				9880489F1A77F4C2003E3E39 /* HomeViewController.h */,
				988048A01A77F4C2003E3E39 /* HomeViewController.m */,
			);
			path = HomeViewControlller;
			sourceTree = "<group>";
		};
		988048A11A77F4C2003E3E39 /* MenuViewController */ = {
			isa = PBXGroup;
			children = (
				988048A21A77F4C2003E3E39 /* MenuViewController.h */,
				988048A31A77F4C2003E3E39 /* MenuViewController.m */,
			);
			path = MenuViewController;
			sourceTree = "<group>";
		};
		988048A41A77F4C2003E3E39 /* TableViewCellCustom */ = {
			isa = PBXGroup;
			children = (
				988048A51A77F4C2003E3E39 /* CustomTableViewCell.h */,
				988048A61A77F4C2003E3E39 /* CustomTableViewCell.m */,
			);
			path = TableViewCellCustom;
			sourceTree = "<group>";
		};
		988048AE1A77FA90003E3E39 /* Icons */ = {
			isa = PBXGroup;
			children = (
				988048AF1A77FA90003E3E39 /* ios */,
			);
			path = Icons;
			sourceTree = "<group>";
		};
		988048AF1A77FA90003E3E39 /* ios */ = {
			isa = PBXGroup;
			children = (
				988048B01A77FA90003E3E39 /* AppIcon.appiconset */,
				988048BC1A77FA90003E3E39 /* Icon-60.png */,
				988048BD1A77FA90003E3E39 /* Icon-72.png */,
				988048BE1A77FA90003E3E39 /* Icon-72@2x.png */,
				988048BF1A77FA90003E3E39 /* Icon-Small-50.png */,
				988048C01A77FA90003E3E39 /* Icon-Small-50@2x.png */,
				988048C11A77FA90003E3E39 /* Icon.png */,
				988048C21A77FA90003E3E39 /* Icon@2x.png */,
				988048C31A77FA90003E3E39 /* iTunesArtwork.png */,
				988048C41A77FA90003E3E39 /* iTunesArtwork@2x.png */,
			);
			path = ios;
			sourceTree = "<group>";
		};
		988048B01A77FA90003E3E39 /* AppIcon.appiconset */ = {
			isa = PBXGroup;
			children = (
				988048B11A77FA90003E3E39 /* Contents.json */,
				988048B21A77FA90003E3E39 /* Icon-40.png */,
				988048B31A77FA90003E3E39 /* Icon-40@2x.png */,
				988048B41A77FA90003E3E39 /* Icon-40@3x.png */,
				988048B51A77FA90003E3E39 /* Icon-60@2x.png */,
				988048B61A77FA90003E3E39 /* Icon-60@3x.png */,
				988048B71A77FA90003E3E39 /* Icon-76.png */,
				988048B81A77FA90003E3E39 /* Icon-76@2x.png */,
				988048B91A77FA90003E3E39 /* Icon-Small.png */,
				988048BA1A77FA90003E3E39 /* Icon-Small@2x.png */,
				988048BB1A77FA90003E3E39 /* Icon-Small@3x.png */,
			);
			path = AppIcon.appiconset;
			sourceTree = "<group>";
		};
/* End PBXGroup section */

/* Begin PBXNativeTarget section */
		988047CB1A77EAA2003E3E39 /* YoBu */ = {
			isa = PBXNativeTarget;
			buildConfigurationList = 988047F21A77EAA3003E3E39 /* Build configuration list for PBXNativeTarget "YoBu" */;
			buildPhases = (
				988047C81A77EAA2003E3E39 /* Sources */,
				988047C91A77EAA2003E3E39 /* Frameworks */,
				988047CA1A77EAA2003E3E39 /* Resources */,
				9880480E1A77EB38003E3E39 /* Embed App Extensions */,
			);
			buildRules = (
			);
			dependencies = (
				988048091A77EB38003E3E39 /* PBXTargetDependency */,
			);
			name = YoBu;
			productName = YoBu;
			productReference = 988047CC1A77EAA2003E3E39 /* YoBu.app */;
			productType = "com.apple.product-type.application";
		};
		988047E71A77EAA3003E3E39 /* YoBuTests */ = {
			isa = PBXNativeTarget;
			buildConfigurationList = 988047F51A77EAA3003E3E39 /* Build configuration list for PBXNativeTarget "YoBuTests" */;
			buildPhases = (
				988047E41A77EAA3003E3E39 /* Sources */,
				988047E51A77EAA3003E3E39 /* Frameworks */,
				988047E61A77EAA3003E3E39 /* Resources */,
			);
			buildRules = (
			);
			dependencies = (
				988047EA1A77EAA3003E3E39 /* PBXTargetDependency */,
			);
			name = YoBuTests;
			productName = YoBuTests;
			productReference = 988047E81A77EAA3003E3E39 /* YoBuTests.xctest */;
			productType = "com.apple.product-type.bundle.unit-test";
		};
		988047FB1A77EB38003E3E39 /* YoBuWidget */ = {
			isa = PBXNativeTarget;
			buildConfigurationList = 9880480B1A77EB38003E3E39 /* Build configuration list for PBXNativeTarget "YoBuWidget" */;
			buildPhases = (
				988047F81A77EB38003E3E39 /* Sources */,
				988047F91A77EB38003E3E39 /* Frameworks */,
				988047FA1A77EB38003E3E39 /* Resources */,
			);
			buildRules = (
			);
			dependencies = (
			);
			name = YoBuWidget;
			productName = YoBuWidget;
			productReference = 988047FC1A77EB38003E3E39 /* YoBuWidget.appex */;
			productType = "com.apple.product-type.app-extension";
		};
/* End PBXNativeTarget section */

/* Begin PBXProject section */
		988047C41A77EAA2003E3E39 /* Project object */ = {
			isa = PBXProject;
			attributes = {
				LastUpgradeCheck = 0610;
				ORGANIZATIONNAME = "Harshdeep  Singh";
				TargetAttributes = {
					988047CB1A77EAA2003E3E39 = {
						CreatedOnToolsVersion = 6.1.1;
						DevelopmentTeam = FW7F9SP7S7;
						SystemCapabilities = {
							com.apple.ApplicationGroups.iOS = {
								enabled = 1;
							};
							com.apple.InAppPurchase = {
								enabled = 1;
							};
						};
					};
					988047E71A77EAA3003E3E39 = {
						CreatedOnToolsVersion = 6.1.1;
						TestTargetID = 988047CB1A77EAA2003E3E39;
					};
					988047FB1A77EB38003E3E39 = {
						CreatedOnToolsVersion = 6.1.1;
						DevelopmentTeam = FW7F9SP7S7;
						SystemCapabilities = {
							com.apple.ApplicationGroups.iOS = {
								enabled = 1;
							};
						};
					};
				};
			};
			buildConfigurationList = 988047C71A77EAA2003E3E39 /* Build configuration list for PBXProject "YoBu" */;
			compatibilityVersion = "Xcode 3.2";
			developmentRegion = English;
			hasScannedForEncodings = 0;
			knownRegions = (
				en,
				Base,
			);
			mainGroup = 988047C31A77EAA2003E3E39;
			productRefGroup = 988047CD1A77EAA2003E3E39 /* Products */;
			projectDirPath = "";
			projectRoot = "";
			targets = (
				988047CB1A77EAA2003E3E39 /* YoBu */,
				988047E71A77EAA3003E3E39 /* YoBuTests */,
				988047FB1A77EB38003E3E39 /* YoBuWidget */,
			);
		};
/* End PBXProject section */

/* Begin PBXResourcesBuildPhase section */
		988047CA1A77EAA2003E3E39 /* Resources */ = {
			isa = PBXResourcesBuildPhase;
			buildActionMask = 2147483647;
			files = (
				988048581A77EF81003E3E39 /* ic_menu_dialpad_lt.png in Resources */,
				988048611A77EF81003E3E39 /* tutorial.mp4 in Resources */,
				988048631A77EF81003E3E39 /* DefaultEnglishAlphabets.plist in Resources */,
				9880485D1A77EF81003E3E39 /* ic_results_phone.png in Resources */,
				988048601A77EF81003E3E39 /* up_arrow.png in Resources */,
				988048E71A77FA90003E3E39 /* Icon@2x.png in Resources */,
				988048E91A77FA90003E3E39 /* iTunesArtwork.png in Resources */,
				988048DD1A77FA90003E3E39 /* Icon-72.png in Resources */,
				988048D31A77FA90003E3E39 /* Icon-76@2x.png in Resources */,
				988048DB1A77FA90003E3E39 /* Icon-60.png in Resources */,
				988048C91A77FA90003E3E39 /* Icon-40@2x.png in Resources */,
				988048C51A77FA90003E3E39 /* Contents.json in Resources */,
				988048521A77EF81003E3E39 /* ic_cancel_holo_light.png in Resources */,
				988048641A77EF81003E3E39 /* MaterialDesignColors.plist in Resources */,
				988048D51A77FA90003E3E39 /* Icon-Small.png in Resources */,
				988048E11A77FA90003E3E39 /* Icon-Small-50.png in Resources */,
				988048EB1A77FA90003E3E39 /* iTunesArtwork@2x.png in Resources */,
				988048CD1A77FA90003E3E39 /* Icon-60@2x.png in Resources */,
				9880485F1A77EF81003E3E39 /* testShareImage.png in Resources */,
				988048CF1A77FA90003E3E39 /* Icon-60@3x.png in Resources */,
				988048CB1A77FA90003E3E39 /* Icon-40@3x.png in Resources */,
				988048621A77EF81003E3E39 /* tutorial2.mp4 in Resources */,
				988048DF1A77FA90003E3E39 /* Icon-72@2x.png in Resources */,
				988048541A77EF81003E3E39 /* ic_card_settings.png in Resources */,
				988047DE1A77EAA3003E3E39 /* Main.storyboard in Resources */,
				988048D71A77FA90003E3E39 /* Icon-Small@2x.png in Resources */,
				988048531A77EF81003E3E39 /* ic_card_phone.png in Resources */,
				988048D11A77FA90003E3E39 /* Icon-76.png in Resources */,
				988048501A77EF81003E3E39 /* ic_ab_search.png in Resources */,
				988048551A77EF81003E3E39 /* ic_close_dk.png in Resources */,
				988048E31A77FA90003E3E39 /* Icon-Small-50@2x.png in Resources */,
				988048C71A77FA90003E3E39 /* Icon-40.png in Resources */,
				9880484F1A77EF81003E3E39 /* fab_red.png in Resources */,
				988048591A77EF81003E3E39 /* ic_menu_history_dk.png in Resources */,
				988048571A77EF81003E3E39 /* ic_handle.png in Resources */,
				988048E51A77FA90003E3E39 /* Icon.png in Resources */,
				988047E31A77EAA3003E3E39 /* LaunchScreen.xib in Resources */,
				9880485A1A77EF81003E3E39 /* ic_menu_history_lt.png in Resources */,
				988048561A77EF81003E3E39 /* ic_dialpad_delete.png in Resources */,
				988047E01A77EAA3003E3E39 /* Images.xcassets in Resources */,
				9880484C1A77EF81003E3E39 /* fab_blue.png in Resources */,
				9880484E1A77EF81003E3E39 /* fab_ic_call.png in Resources */,
				9880485B1A77EF81003E3E39 /* ic_menu_overflow_lt.png in Resources */,
				9880484B1A77EF81003E3E39 /* down_arrow.png in Resources */,
				988048511A77EF81003E3E39 /* ic_arrow_back_24dp.png in Resources */,
				9880485C1A77EF81003E3E39 /* ic_menu_remove_field_holo_light.png in Resources */,
				9880484D1A77EF81003E3E39 /* fab_green.png in Resources */,
				988048D91A77FA90003E3E39 /* Icon-Small@3x.png in Resources */,
				9880485E1A77EF81003E3E39 /* ic_toolbar_dialpad.png in Resources */,
			);
			runOnlyForDeploymentPostprocessing = 0;
		};
		988047E61A77EAA3003E3E39 /* Resources */ = {
			isa = PBXResourcesBuildPhase;
			buildActionMask = 2147483647;
			files = (
			);
			runOnlyForDeploymentPostprocessing = 0;
		};
		988047FA1A77EB38003E3E39 /* Resources */ = {
			isa = PBXResourcesBuildPhase;
			buildActionMask = 2147483647;
			files = (
				988048AD1A77F7A7003E3E39 /* Images.xcassets in Resources */,
				988048731A77F068003E3E39 /* fab_green.png in Resources */,
				988048071A77EB38003E3E39 /* MainInterface.storyboard in Resources */,
				988048751A77F068003E3E39 /* fab_red.png in Resources */,
				988048871A77F0A5003E3E39 /* DefaultEnglishAlphabets.plist in Resources */,
				988048741A77F068003E3E39 /* fab_ic_call.png in Resources */,
				988048711A77F062003E3E39 /* down_arrow.png in Resources */,
				988048881A77F0A5003E3E39 /* MaterialDesignColors.plist in Resources */,
				989DDADA1AB88AAF009FB141 /* ic_arrow_back_24dp.png in Resources */,
				988048861A77F068003E3E39 /* up_arrow.png in Resources */,
			);
			runOnlyForDeploymentPostprocessing = 0;
		};
/* End PBXResourcesBuildPhase section */

/* Begin PBXSourcesBuildPhase section */
		988047C81A77EAA2003E3E39 /* Sources */ = {
			isa = PBXSourcesBuildPhase;
			buildActionMask = 2147483647;
			files = (
				98FAEC861AAAD8C20038B0D0 /* AddressBook.m in Sources */,
				988048AB1A77F4C2003E3E39 /* CustomTableViewCell.m in Sources */,
				988047D81A77EAA2003E3E39 /* YoBu.xcdatamodeld in Sources */,
				983DF8B61A98F97B0099B43D /* RecentContactsViewController.m in Sources */,
				988048471A77EF81003E3E39 /* DialedNumbers.m in Sources */,
				988048491A77EF81003E3E39 /* FrequentContacts.m in Sources */,
				988048AA1A77F4C2003E3E39 /* MenuViewController.m in Sources */,
				988048A71A77F4C2003E3E39 /* CustomCollectionViewCell.m in Sources */,
				988048451A77EF81003E3E39 /* CustomSearchAlphabets.m in Sources */,
				983DF8C21A991F2A0099B43D /* FavoriteContactCustomCell.m in Sources */,
				983DF8C51A9929300099B43D /* FavoriteContacts.m in Sources */,
				3AE306791AA6C2B300875340 /* ConsoleLogs.m in Sources */,
				983DF8BE1A990B740099B43D /* FrequentCustomCell.m in Sources */,
				988048461A77EF81003E3E39 /* DataManager.m in Sources */,
				988048651A77EF81003E3E39 /* ContactsInstance.m in Sources */,
				988047D51A77EAA2003E3E39 /* AppDelegate.m in Sources */,
				3AE306721AA6C22100875340 /* UIColor+HexColor.m in Sources */,
				988048A91A77F4C2003E3E39 /* HomeViewController.m in Sources */,
				988048A81A77F4C2003E3E39 /* CustomAlphabetSettingViewController.m in Sources */,
				9880484A1A77EF81003E3E39 /* DataAccessLayer.m in Sources */,
				988047DB1A77EAA2003E3E39 /* FavoriteViewController.m in Sources */,
				983DF8BA1A9909720099B43D /* RecentContactsCustomCell.m in Sources */,
				988047D21A77EAA2003E3E39 /* main.m in Sources */,
			);
			runOnlyForDeploymentPostprocessing = 0;
		};
		988047E41A77EAA3003E3E39 /* Sources */ = {
			isa = PBXSourcesBuildPhase;
			buildActionMask = 2147483647;
			files = (
				988047EF1A77EAA3003E3E39 /* YoBuTests.m in Sources */,
			);
			runOnlyForDeploymentPostprocessing = 0;
		};
		988047F81A77EB38003E3E39 /* Sources */ = {
			isa = PBXSourcesBuildPhase;
			buildActionMask = 2147483647;
			files = (
				988048AC1A77F5F4003E3E39 /* YoBu.xcdatamodeld in Sources */,
				988048691A77EFE1003E3E39 /* CustomCell.m in Sources */,
				9880486F1A77F057003E3E39 /* DialedNumbers.m in Sources */,
				988048051A77EB38003E3E39 /* TodayViewController.m in Sources */,
				9880486D1A77F050003E3E39 /* FrequentContacts.m in Sources */,
				9880486B1A77F048003E3E39 /* CustomSearchAlphabets.m in Sources */,
				3AE306731AA6C22100875340 /* UIColor+HexColor.m in Sources */,
				988048701A77F05A003E3E39 /* DataManager.m in Sources */,
				9880486C1A77F04D003E3E39 /* DataAccessLayer.m in Sources */,
				98FAEC871AAAD8C20038B0D0 /* AddressBook.m in Sources */,
				3AE3067A1AA6C2B300875340 /* ConsoleLogs.m in Sources */,
			);
			runOnlyForDeploymentPostprocessing = 0;
		};
/* End PBXSourcesBuildPhase section */

/* Begin PBXTargetDependency section */
		988047EA1A77EAA3003E3E39 /* PBXTargetDependency */ = {
			isa = PBXTargetDependency;
			target = 988047CB1A77EAA2003E3E39 /* YoBu */;
			targetProxy = 988047E91A77EAA3003E3E39 /* PBXContainerItemProxy */;
		};
		988048091A77EB38003E3E39 /* PBXTargetDependency */ = {
			isa = PBXTargetDependency;
			target = 988047FB1A77EB38003E3E39 /* YoBuWidget */;
			targetProxy = 988048081A77EB38003E3E39 /* PBXContainerItemProxy */;
		};
/* End PBXTargetDependency section */

/* Begin PBXVariantGroup section */
		988047DC1A77EAA3003E3E39 /* Main.storyboard */ = {
			isa = PBXVariantGroup;
			children = (
				988047DD1A77EAA3003E3E39 /* Base */,
			);
			name = Main.storyboard;
			sourceTree = "<group>";
		};
		988047E11A77EAA3003E3E39 /* LaunchScreen.xib */ = {
			isa = PBXVariantGroup;
			children = (
				988047E21A77EAA3003E3E39 /* Base */,
			);
			name = LaunchScreen.xib;
			sourceTree = "<group>";
		};
/* End PBXVariantGroup section */

/* Begin XCBuildConfiguration section */
		988047F01A77EAA3003E3E39 /* Debug */ = {
			isa = XCBuildConfiguration;
			buildSettings = {
				ALWAYS_SEARCH_USER_PATHS = NO;
				CLANG_CXX_LANGUAGE_STANDARD = "gnu++0x";
				CLANG_CXX_LIBRARY = "libc++";
				CLANG_ENABLE_MODULES = YES;
				CLANG_ENABLE_OBJC_ARC = YES;
				CLANG_WARN_BOOL_CONVERSION = YES;
				CLANG_WARN_CONSTANT_CONVERSION = YES;
				CLANG_WARN_DIRECT_OBJC_ISA_USAGE = YES_ERROR;
				CLANG_WARN_EMPTY_BODY = YES;
				CLANG_WARN_ENUM_CONVERSION = YES;
				CLANG_WARN_INT_CONVERSION = YES;
				CLANG_WARN_OBJC_ROOT_CLASS = YES_ERROR;
				CLANG_WARN_UNREACHABLE_CODE = YES;
				CLANG_WARN__DUPLICATE_METHOD_MATCH = YES;
				"CODE_SIGN_IDENTITY[sdk=iphoneos*]" = "iPhone Developer";
				COPY_PHASE_STRIP = NO;
				ENABLE_STRICT_OBJC_MSGSEND = YES;
				GCC_C_LANGUAGE_STANDARD = gnu99;
				GCC_DYNAMIC_NO_PIC = NO;
				GCC_OPTIMIZATION_LEVEL = 0;
				GCC_PREPROCESSOR_DEFINITIONS = (
					"DEBUG=1",
					"$(inherited)",
				);
				GCC_SYMBOLS_PRIVATE_EXTERN = NO;
				GCC_WARN_64_TO_32_BIT_CONVERSION = YES;
				GCC_WARN_ABOUT_RETURN_TYPE = YES_ERROR;
				GCC_WARN_UNDECLARED_SELECTOR = YES;
				GCC_WARN_UNINITIALIZED_AUTOS = YES_AGGRESSIVE;
				GCC_WARN_UNUSED_FUNCTION = YES;
				GCC_WARN_UNUSED_VARIABLE = YES;
				IPHONEOS_DEPLOYMENT_TARGET = 8.1;
				MTL_ENABLE_DEBUG_INFO = YES;
				ONLY_ACTIVE_ARCH = YES;
				SDKROOT = iphoneos;
			};
			name = Debug;
		};
		988047F11A77EAA3003E3E39 /* Release */ = {
			isa = XCBuildConfiguration;
			buildSettings = {
				ALWAYS_SEARCH_USER_PATHS = NO;
				CLANG_CXX_LANGUAGE_STANDARD = "gnu++0x";
				CLANG_CXX_LIBRARY = "libc++";
				CLANG_ENABLE_MODULES = YES;
				CLANG_ENABLE_OBJC_ARC = YES;
				CLANG_WARN_BOOL_CONVERSION = YES;
				CLANG_WARN_CONSTANT_CONVERSION = YES;
				CLANG_WARN_DIRECT_OBJC_ISA_USAGE = YES_ERROR;
				CLANG_WARN_EMPTY_BODY = YES;
				CLANG_WARN_ENUM_CONVERSION = YES;
				CLANG_WARN_INT_CONVERSION = YES;
				CLANG_WARN_OBJC_ROOT_CLASS = YES_ERROR;
				CLANG_WARN_UNREACHABLE_CODE = YES;
				CLANG_WARN__DUPLICATE_METHOD_MATCH = YES;
				"CODE_SIGN_IDENTITY[sdk=iphoneos*]" = "iPhone Developer";
				COPY_PHASE_STRIP = YES;
				ENABLE_NS_ASSERTIONS = NO;
				ENABLE_STRICT_OBJC_MSGSEND = YES;
				GCC_C_LANGUAGE_STANDARD = gnu99;
				GCC_WARN_64_TO_32_BIT_CONVERSION = YES;
				GCC_WARN_ABOUT_RETURN_TYPE = YES_ERROR;
				GCC_WARN_UNDECLARED_SELECTOR = YES;
				GCC_WARN_UNINITIALIZED_AUTOS = YES_AGGRESSIVE;
				GCC_WARN_UNUSED_FUNCTION = YES;
				GCC_WARN_UNUSED_VARIABLE = YES;
				IPHONEOS_DEPLOYMENT_TARGET = 8.1;
				MTL_ENABLE_DEBUG_INFO = NO;
				SDKROOT = iphoneos;
				VALIDATE_PRODUCT = YES;
			};
			name = Release;
		};
		988047F31A77EAA3003E3E39 /* Debug */ = {
			isa = XCBuildConfiguration;
			buildSettings = {
				ASSETCATALOG_COMPILER_APPICON_NAME = AppIcon;
				CODE_SIGN_ENTITLEMENTS = YoBu/YoBu.entitlements;
				CODE_SIGN_IDENTITY = "iPhone Developer";
				"CODE_SIGN_IDENTITY[sdk=iphoneos*]" = "iPhone Developer";
				GCC_PREFIX_HEADER = "YoBu/YoBu-Prefix.pch";
				INFOPLIST_FILE = YoBu/Info.plist;
				IPHONEOS_DEPLOYMENT_TARGET = 8.0;
				LD_RUNPATH_SEARCH_PATHS = "$(inherited) @executable_path/Frameworks";
				PRODUCT_NAME = "$(TARGET_NAME)";
				PROVISIONING_PROFILE = "";
			};
			name = Debug;
		};
		988047F41A77EAA3003E3E39 /* Release */ = {
			isa = XCBuildConfiguration;
			buildSettings = {
				ASSETCATALOG_COMPILER_APPICON_NAME = AppIcon;
				CODE_SIGN_ENTITLEMENTS = YoBu/YoBu.entitlements;
				CODE_SIGN_IDENTITY = "iPhone Developer";
				"CODE_SIGN_IDENTITY[sdk=iphoneos*]" = "iPhone Developer";
				GCC_PREFIX_HEADER = "YoBu/YoBu-Prefix.pch";
				INFOPLIST_FILE = YoBu/Info.plist;
				IPHONEOS_DEPLOYMENT_TARGET = 8.0;
				LD_RUNPATH_SEARCH_PATHS = "$(inherited) @executable_path/Frameworks";
				PRODUCT_NAME = "$(TARGET_NAME)";
				PROVISIONING_PROFILE = "";
			};
			name = Release;
		};
		988047F61A77EAA3003E3E39 /* Debug */ = {
			isa = XCBuildConfiguration;
			buildSettings = {
				BUNDLE_LOADER = "$(TEST_HOST)";
				FRAMEWORK_SEARCH_PATHS = (
					"$(SDKROOT)/Developer/Library/Frameworks",
					"$(inherited)",
				);
				GCC_PREPROCESSOR_DEFINITIONS = (
					"DEBUG=1",
					"$(inherited)",
				);
				INFOPLIST_FILE = YoBuTests/Info.plist;
				LD_RUNPATH_SEARCH_PATHS = "$(inherited) @executable_path/Frameworks @loader_path/Frameworks";
				PRODUCT_NAME = "$(TARGET_NAME)";
				TEST_HOST = "$(BUILT_PRODUCTS_DIR)/YoBu.app/YoBu";
			};
			name = Debug;
		};
		988047F71A77EAA3003E3E39 /* Release */ = {
			isa = XCBuildConfiguration;
			buildSettings = {
				BUNDLE_LOADER = "$(TEST_HOST)";
				FRAMEWORK_SEARCH_PATHS = (
					"$(SDKROOT)/Developer/Library/Frameworks",
					"$(inherited)",
				);
				INFOPLIST_FILE = YoBuTests/Info.plist;
				LD_RUNPATH_SEARCH_PATHS = "$(inherited) @executable_path/Frameworks @loader_path/Frameworks";
				PRODUCT_NAME = "$(TARGET_NAME)";
				TEST_HOST = "$(BUILT_PRODUCTS_DIR)/YoBu.app/YoBu";
			};
			name = Release;
		};
		9880480C1A77EB38003E3E39 /* Debug */ = {
			isa = XCBuildConfiguration;
			buildSettings = {
				CODE_SIGN_ENTITLEMENTS = YoBuWidget/YoBuWidget.entitlements;
				CODE_SIGN_IDENTITY = "iPhone Developer";
				"CODE_SIGN_IDENTITY[sdk=iphoneos*]" = "iPhone Developer";
				GCC_PREPROCESSOR_DEFINITIONS = (
					"DEBUG=1",
					"$(inherited)",
				);
				INFOPLIST_FILE = YoBuWidget/Info.plist;
				IPHONEOS_DEPLOYMENT_TARGET = 8.0;
				LD_RUNPATH_SEARCH_PATHS = "$(inherited) @executable_path/Frameworks @executable_path/../../Frameworks";
				PRODUCT_NAME = "$(TARGET_NAME)";
				PROVISIONING_PROFILE = "";
				SKIP_INSTALL = YES;
			};
			name = Debug;
		};
		9880480D1A77EB38003E3E39 /* Release */ = {
			isa = XCBuildConfiguration;
			buildSettings = {
				CODE_SIGN_ENTITLEMENTS = YoBuWidget/YoBuWidget.entitlements;
				CODE_SIGN_IDENTITY = "iPhone Developer";
				"CODE_SIGN_IDENTITY[sdk=iphoneos*]" = "iPhone Developer";
				INFOPLIST_FILE = YoBuWidget/Info.plist;
				IPHONEOS_DEPLOYMENT_TARGET = 8.0;
				LD_RUNPATH_SEARCH_PATHS = "$(inherited) @executable_path/Frameworks @executable_path/../../Frameworks";
				PRODUCT_NAME = "$(TARGET_NAME)";
				PROVISIONING_PROFILE = "";
				SKIP_INSTALL = YES;
			};
			name = Release;
		};
/* End XCBuildConfiguration section */

/* Begin XCConfigurationList section */
		988047C71A77EAA2003E3E39 /* Build configuration list for PBXProject "YoBu" */ = {
			isa = XCConfigurationList;
			buildConfigurations = (
				988047F01A77EAA3003E3E39 /* Debug */,
				988047F11A77EAA3003E3E39 /* Release */,
			);
			defaultConfigurationIsVisible = 0;
			defaultConfigurationName = Release;
		};
		988047F21A77EAA3003E3E39 /* Build configuration list for PBXNativeTarget "YoBu" */ = {
			isa = XCConfigurationList;
			buildConfigurations = (
				988047F31A77EAA3003E3E39 /* Debug */,
				988047F41A77EAA3003E3E39 /* Release */,
			);
			defaultConfigurationIsVisible = 0;
			defaultConfigurationName = Release;
		};
		988047F51A77EAA3003E3E39 /* Build configuration list for PBXNativeTarget "YoBuTests" */ = {
			isa = XCConfigurationList;
			buildConfigurations = (
				988047F61A77EAA3003E3E39 /* Debug */,
				988047F71A77EAA3003E3E39 /* Release */,
			);
			defaultConfigurationIsVisible = 0;
			defaultConfigurationName = Release;
		};
		9880480B1A77EB38003E3E39 /* Build configuration list for PBXNativeTarget "YoBuWidget" */ = {
			isa = XCConfigurationList;
			buildConfigurations = (
				9880480C1A77EB38003E3E39 /* Debug */,
				9880480D1A77EB38003E3E39 /* Release */,
			);
			defaultConfigurationIsVisible = 0;
			defaultConfigurationName = Release;
		};
/* End XCConfigurationList section */

/* Begin XCVersionGroup section */
		988047D61A77EAA2003E3E39 /* YoBu.xcdatamodeld */ = {
			isa = XCVersionGroup;
			children = (
				988047D71A77EAA2003E3E39 /* YoBu.xcdatamodel */,
			);
			currentVersion = 988047D71A77EAA2003E3E39 /* YoBu.xcdatamodel */;
			path = YoBu.xcdatamodeld;
			sourceTree = "<group>";
			versionGroupType = wrapper.xcdatamodel;
		};
/* End XCVersionGroup section */
	};
	rootObject = 988047C41A77EAA2003E3E39 /* Project object */;
}
